
Microsoft Visual Studio Solution File, Format Version 12.00
# Visual Studio Version 17
VisualStudioVersion = 17.1.32228.430
MinimumVisualStudioVersion = 10.0.40219.1
Project("{8BC9CEB8-8B4A-11D0-8D11-00A0C91BC942}") = "Lab1", "Lab1\Lab1.vcxproj", "{18BAD8AF-ED66-47FB-961F-859135ED684B}"
EndProject
Project("{8BC9CEB8-8B4A-11D0-8D11-00A0C91BC942}") = "Lab2", "Lab2\Lab2.vcxproj", "{FB6DA238-B531-4863-80AF-6F1A64BA1935}"
EndProject
Project("{8BC9CEB8-8B4A-11D0-8D11-00A0C91BC942}") = "Lab5", "Lab5\Lab5.vcxproj", "{60BD3495-0CD5-4D5C-9EB7-73636758AFB2}"
EndProject
Project("{8BC9CEB8-8B4A-11D0-8D11-00A0C91BC942}") = "Lab6", "Lab6\Lab6.vcxproj", "{50A771B5-F5E9-4776-96D8-A75C8C80D237}"
EndProject
Global
	GlobalSection(SolutionConfigurationPlatforms) = preSolution
		Debug|x64 = Debug|x64
		Debug|x86 = Debug|x86
		Release|x64 = Release|x64
		Release|x86 = Release|x86
	EndGlobalSection
	GlobalSection(ProjectConfigurationPlatforms) = postSolution
		{18BAD8AF-ED66-47FB-961F-859135ED684B}.Debug|x64.ActiveCfg = Debug|x64
		{18BAD8AF-ED66-47FB-961F-859135ED684B}.Debug|x64.Build.0 = Debug|x64
		{18BAD8AF-ED66-47FB-961F-859135ED684B}.Debug|x86.ActiveCfg = Debug|Win32
		{18BAD8AF-ED66-47FB-961F-859135ED684B}.Debug|x86.Build.0 = Debug|Win32
		{18BAD8AF-ED66-47FB-961F-859135ED684B}.Release|x64.ActiveCfg = Release|x64
		{18BAD8AF-ED66-47FB-961F-859135ED684B}.Release|x64.Build.0 = Release|x64
		{18BAD8AF-ED66-47FB-961F-859135ED684B}.Release|x86.ActiveCfg = Release|Win32
		{18BAD8AF-ED66-47FB-961F-859135ED684B}.Release|x86.Build.0 = Release|Win32
		{FB6DA238-B531-4863-80AF-6F1A64BA1935}.Debug|x64.ActiveCfg = Debug|x64
		{FB6DA238-B531-4863-80AF-6F1A64BA1935}.Debug|x64.Build.0 = Debug|x64
		{FB6DA238-B531-4863-80AF-6F1A64BA1935}.Debug|x86.ActiveCfg = Debug|Win32
		{FB6DA238-B531-4863-80AF-6F1A64BA1935}.Debug|x86.Build.0 = Debug|Win32
		{FB6DA238-B531-4863-80AF-6F1A64BA1935}.Release|x64.ActiveCfg = Release|x64
		{FB6DA238-B531-4863-80AF-6F1A64BA1935}.Release|x64.Build.0 = Release|x64
		{FB6DA238-B531-4863-80AF-6F1A64BA1935}.Release|x86.ActiveCfg = Release|Win32
		{FB6DA238-B531-4863-80AF-6F1A64BA1935}.Release|x86.Build.0 = Release|Win32
		{60BD3495-0CD5-4D5C-9EB7-73636758AFB2}.Debug|x64.ActiveCfg = Debug|x64
		{60BD3495-0CD5-4D5C-9EB7-73636758AFB2}.Debug|x64.Build.0 = Debug|x64
		{60BD3495-0CD5-4D5C-9EB7-73636758AFB2}.Debug|x86.ActiveCfg = Debug|Win32
		{60BD3495-0CD5-4D5C-9EB7-73636758AFB2}.Debug|x86.Build.0 = Debug|Win32
		{60BD3495-0CD5-4D5C-9EB7-73636758AFB2}.Release|x64.ActiveCfg = Release|x64
		{60BD3495-0CD5-4D5C-9EB7-73636758AFB2}.Release|x64.Build.0 = Release|x64
		{60BD3495-0CD5-4D5C-9EB7-73636758AFB2}.Release|x86.ActiveCfg = Release|Win32
		{60BD3495-0CD5-4D5C-9EB7-73636758AFB2}.Release|x86.Build.0 = Release|Win32
		{50A771B5-F5E9-4776-96D8-A75C8C80D237}.Debug|x64.ActiveCfg = Debug|x64
		{50A771B5-F5E9-4776-96D8-A75C8C80D237}.Debug|x64.Build.0 = Debug|x64
		{50A771B5-F5E9-4776-96D8-A75C8C80D237}.Debug|x86.ActiveCfg = Debug|Win32
		{50A771B5-F5E9-4776-96D8-A75C8C80D237}.Debug|x86.Build.0 = Debug|Win32
		{50A771B5-F5E9-4776-96D8-A75C8C80D237}.Release|x64.ActiveCfg = Release|x64
		{50A771B5-F5E9-4776-96D8-A75C8C80D237}.Release|x64.Build.0 = Release|x64
		{50A771B5-F5E9-4776-96D8-A75C8C80D237}.Release|x86.ActiveCfg = Release|Win32
		{50A771B5-F5E9-4776-96D8-A75C8C80D237}.Release|x86.Build.0 = Release|Win32
	EndGlobalSection
	GlobalSection(SolutionProperties) = preSolution
		HideSolutionNode = FALSE
	EndGlobalSection
	GlobalSection(ExtensibilityGlobals) = postSolution
		SolutionGuid = {64F3A2B9-7920-4675-9BA0-AF8589889C60}
	EndGlobalSection
EndGlobal
